
Microsoft Visual Studio Solution File, Format Version 12.00
# Visual Studio Version 17
VisualStudioVersion = 17.7.34202.233
MinimumVisualStudioVersion = 10.0.40219.1
Project("{FAE04EC0-301F-11D3-BF4B-00C04F79EFBC}") = "CSApiREST", "CSApiREST\CSApiREST.csproj", "{658F2649-628F-4ECB-BAE0-5724B880DB3D}"
EndProject
Global
	GlobalSection(SolutionConfigurationPlatforms) = preSolution
		Debug|Any CPU = Debug|Any CPU
		Release|Any CPU = Release|Any CPU
	EndGlobalSection
	GlobalSection(ProjectConfigurationPlatforms) = postSolution
		{658F2649-628F-4ECB-BAE0-5724B880DB3D}.Debug|Any CPU.ActiveCfg = Debug|Any CPU
		{658F2649-628F-4ECB-BAE0-5724B880DB3D}.Debug|Any CPU.Build.0 = Debug|Any CPU
		{658F2649-628F-4ECB-BAE0-5724B880DB3D}.Release|Any CPU.ActiveCfg = Release|Any CPU
		{658F2649-628F-4ECB-BAE0-5724B880DB3D}.Release|Any CPU.Build.0 = Release|Any CPU
	EndGlobalSection
	GlobalSection(SolutionProperties) = preSolution
		HideSolutionNode = FALSE
	EndGlobalSection
	GlobalSection(ExtensibilityGlobals) = postSolution
		SolutionGuid = {DB0A7998-C7EC-4B0F-BBA2-FB9CE30F7167}
	EndGlobalSection
EndGlobal
